
Microsoft Visual Studio Solution File, Format Version 12.00
# Visual Studio Version 17
VisualStudioVersion = 17.5.33516.290
MinimumVisualStudioVersion = 10.0.40219.1
Project("{2150E333-8FDC-42A3-9474-1A3956D46DE8}") = "src", "src", "{1F9E5E8F-FDF4-47B6-835B-1709E55EE1ED}"
EndProject
Project("{2150E333-8FDC-42A3-9474-1A3956D46DE8}") = "test", "test", "{AAF8B5EB-16A5-4259-8DC0-31DA1D87C9CA}"
EndProject
Project("{9A19103F-16F7-4668-BE54-9A1E7A4F7556}") = "DavideBorghi.ItalianDotNetDateTimeUtils", "src\DavideBorghi.ItalianDotNetDateTimeUtils\DavideBorghi.ItalianDotNetDateTimeUtils.csproj", "{B8A8CF70-F6A0-42EC-A1A3-1171F735C41B}"
EndProject
Project("{9A19103F-16F7-4668-BE54-9A1E7A4F7556}") = "DavideBorghi.ItalianDotNetDateTimeUtils.Tests", "test\DavideBorghi.ItalianDotNetDateTimeUtils.Tests\DavideBorghi.ItalianDotNetDateTimeUtils.Tests.csproj", "{62D5BBE4-F5AD-4D6E-BC0B-1552292FD3CD}"
EndProject
Project("{2150E333-8FDC-42A3-9474-1A3956D46DE8}") = "Solution Items", "Solution Items", "{429205B5-E20F-46F7-B241-FB00DAC3293F}"
	ProjectSection(SolutionItems) = preProject
		.gitignore = .gitignore
		LICENSE = LICENSE
		README.md = README.md
		docs\nuget-checklist.md = docs\nuget-checklist.md
		docs\docs-generation-checklist.md = docs\docs-generation-checklist.md
		CHANGELOG.md = CHANGELOG.md
	EndProjectSection
EndProject
Global
	GlobalSection(SolutionConfigurationPlatforms) = preSolution
		Debug|Any CPU = Debug|Any CPU
		Release|Any CPU = Release|Any CPU
	EndGlobalSection
	GlobalSection(ProjectConfigurationPlatforms) = postSolution
		{B8A8CF70-F6A0-42EC-A1A3-1171F735C41B}.Debug|Any CPU.ActiveCfg = Debug|Any CPU
		{B8A8CF70-F6A0-42EC-A1A3-1171F735C41B}.Debug|Any CPU.Build.0 = Debug|Any CPU
		{B8A8CF70-F6A0-42EC-A1A3-1171F735C41B}.Release|Any CPU.ActiveCfg = Release|Any CPU
		{B8A8CF70-F6A0-42EC-A1A3-1171F735C41B}.Release|Any CPU.Build.0 = Release|Any CPU
		{62D5BBE4-F5AD-4D6E-BC0B-1552292FD3CD}.Debug|Any CPU.ActiveCfg = Debug|Any CPU
		{62D5BBE4-F5AD-4D6E-BC0B-1552292FD3CD}.Debug|Any CPU.Build.0 = Debug|Any CPU
		{62D5BBE4-F5AD-4D6E-BC0B-1552292FD3CD}.Release|Any CPU.ActiveCfg = Release|Any CPU
		{62D5BBE4-F5AD-4D6E-BC0B-1552292FD3CD}.Release|Any CPU.Build.0 = Release|Any CPU
	EndGlobalSection
	GlobalSection(SolutionProperties) = preSolution
		HideSolutionNode = FALSE
	EndGlobalSection
	GlobalSection(NestedProjects) = preSolution
		{B8A8CF70-F6A0-42EC-A1A3-1171F735C41B} = {1F9E5E8F-FDF4-47B6-835B-1709E55EE1ED}
		{62D5BBE4-F5AD-4D6E-BC0B-1552292FD3CD} = {AAF8B5EB-16A5-4259-8DC0-31DA1D87C9CA}
	EndGlobalSection
	GlobalSection(ExtensibilityGlobals) = postSolution
		SolutionGuid = {EEBCB79C-4AA3-4808-AED6-FBBD36955995}
	EndGlobalSection
EndGlobal
